
Microsoft Visual Studio Solution File, Format Version 12.00
# Visual Studio Version 16
VisualStudioVersion = 16.0.31702.278
MinimumVisualStudioVersion = 10.0.40219.1
Project("{888888A0-9F3D-457C-B088-3A5042F75D52}") = "yap-fsr-report", "yap-fsr-report.pyproj", "{56F7DE77-818C-449C-80C5-258DB800E24D}"
EndProject
Global
	GlobalSection(SolutionConfigurationPlatforms) = preSolution
		Debug|Any CPU = Debug|Any CPU
		Release|Any CPU = Release|Any CPU
	EndGlobalSection
	GlobalSection(ProjectConfigurationPlatforms) = postSolution
		{56F7DE77-818C-449C-80C5-258DB800E24D}.Debug|Any CPU.ActiveCfg = Debug|Any CPU
		{56F7DE77-818C-449C-80C5-258DB800E24D}.Release|Any CPU.ActiveCfg = Release|Any CPU
	EndGlobalSection
	GlobalSection(SolutionProperties) = preSolution
		HideSolutionNode = FALSE
	EndGlobalSection
	GlobalSection(ExtensibilityGlobals) = postSolution
		SolutionGuid = {152CAD13-D4B9-4A0E-B333-DC3E713D5EE2}
	EndGlobalSection
EndGlobal
